
Microsoft Visual Studio Solution File, Format Version 12.00
Project("{FAE04EC0-301F-11D3-BF4B-00C04F79EFBC}") = "RobCommandPlugin", "RobCommandPlugin\RobCommandPlugin.csproj", "{7461C312-3B42-485D-8287-FCCF45DF4234}"
EndProject
Global
	GlobalSection(SolutionConfigurationPlatforms) = preSolution
		Debug|Any CPU = Debug|Any CPU
		Release|Any CPU = Release|Any CPU
	EndGlobalSection
	GlobalSection(ProjectConfigurationPlatforms) = postSolution
		{7461C312-3B42-485D-8287-FCCF45DF4234}.Debug|Any CPU.ActiveCfg = Debug|Any CPU
		{7461C312-3B42-485D-8287-FCCF45DF4234}.Debug|Any CPU.Build.0 = Debug|Any CPU
		{7461C312-3B42-485D-8287-FCCF45DF4234}.Release|Any CPU.ActiveCfg = Release|Any CPU
		{7461C312-3B42-485D-8287-FCCF45DF4234}.Release|Any CPU.Build.0 = Release|Any CPU
	EndGlobalSection
EndGlobal
